
Microsoft Visual Studio Solution File, Format Version 12.00
# Visual Studio Version 16
VisualStudioVersion = 16.0.29920.165
MinimumVisualStudioVersion = 10.0.40219.1
Project("{8BC9CEB8-8B4A-11D0-8D11-00A0C91BC942}") = "Supernova", "Supernova\Supernova.vcxproj", "{A837EC51-14A2-A0C8-5DE0-516EC9897E1D}"
EndProject
Project("{2150E333-8FDC-42A3-9474-1A3956D46DE8}") = "Dependencies", "Dependencies", "{53E47842-3FC8-3998-A828-34EB942B241A}"
EndProject
Project("{8BC9CEB8-8B4A-11D0-8D11-00A0C91BC942}") = "GLFW", "Galaxy\vendor\GLFW\GLFW.vcxproj", "{154B857C-0182-860D-AA6E-6C109684020F}"
EndProject
Project("{8BC9CEB8-8B4A-11D0-8D11-00A0C91BC942}") = "Glad", "Galaxy\vendor\Glad\Glad.vcxproj", "{BDD6857C-A90D-870D-52FA-6C103E10030F}"
EndProject
Project("{8BC9CEB8-8B4A-11D0-8D11-00A0C91BC942}") = "ImGui", "Galaxy\vendor\ImGui\ImGui.vcxproj", "{C0FF640D-2C14-8DBE-F595-301E616989EF}"
EndProject
Project("{8BC9CEB8-8B4A-11D0-8D11-00A0C91BC942}") = "Galaxy", "Galaxy\Galaxy.vcxproj", "{CB7795B4-B719-C08A-A0D4-D3DE8C1547DB}"
EndProject
Project("{8BC9CEB8-8B4A-11D0-8D11-00A0C91BC942}") = "Sandbox", "Sandbox\Sandbox.vcxproj", "{F4C124E3-60A1-A37E-69B9-2E55D5170AE0}"
EndProject
Global
	GlobalSection(SolutionConfigurationPlatforms) = preSolution
		Debug|Any CPU = Debug|Any CPU
		Debug|ARM = Debug|ARM
		Debug|ARM64 = Debug|ARM64
		Debug|x64 = Debug|x64
		Debug|x86 = Debug|x86
		Dist|Any CPU = Dist|Any CPU
		Dist|ARM = Dist|ARM
		Dist|ARM64 = Dist|ARM64
		Dist|x64 = Dist|x64
		Dist|x86 = Dist|x86
		Release|Any CPU = Release|Any CPU
		Release|ARM = Release|ARM
		Release|ARM64 = Release|ARM64
		Release|x64 = Release|x64
		Release|x86 = Release|x86
	EndGlobalSection
	GlobalSection(ProjectConfigurationPlatforms) = postSolution
		{A837EC51-14A2-A0C8-5DE0-516EC9897E1D}.Debug|Any CPU.ActiveCfg = Debug|x64
		{A837EC51-14A2-A0C8-5DE0-516EC9897E1D}.Debug|ARM.ActiveCfg = Debug|x64
		{A837EC51-14A2-A0C8-5DE0-516EC9897E1D}.Debug|ARM64.ActiveCfg = Debug|x64
		{A837EC51-14A2-A0C8-5DE0-516EC9897E1D}.Debug|x64.ActiveCfg = Debug|x64
		{A837EC51-14A2-A0C8-5DE0-516EC9897E1D}.Debug|x64.Build.0 = Debug|x64
		{A837EC51-14A2-A0C8-5DE0-516EC9897E1D}.Debug|x86.ActiveCfg = Debug|x64
		{A837EC51-14A2-A0C8-5DE0-516EC9897E1D}.Dist|Any CPU.ActiveCfg = Dist|x64
		{A837EC51-14A2-A0C8-5DE0-516EC9897E1D}.Dist|ARM.ActiveCfg = Dist|x64
		{A837EC51-14A2-A0C8-5DE0-516EC9897E1D}.Dist|ARM64.ActiveCfg = Dist|x64
		{A837EC51-14A2-A0C8-5DE0-516EC9897E1D}.Dist|x64.ActiveCfg = Dist|x64
		{A837EC51-14A2-A0C8-5DE0-516EC9897E1D}.Dist|x64.Build.0 = Dist|x64
		{A837EC51-14A2-A0C8-5DE0-516EC9897E1D}.Dist|x86.ActiveCfg = Dist|x64
		{A837EC51-14A2-A0C8-5DE0-516EC9897E1D}.Release|Any CPU.ActiveCfg = Release|x64
		{A837EC51-14A2-A0C8-5DE0-516EC9897E1D}.Release|ARM.ActiveCfg = Release|x64
		{A837EC51-14A2-A0C8-5DE0-516EC9897E1D}.Release|ARM64.ActiveCfg = Release|x64
		{A837EC51-14A2-A0C8-5DE0-516EC9897E1D}.Release|x64.ActiveCfg = Release|x64
		{A837EC51-14A2-A0C8-5DE0-516EC9897E1D}.Release|x64.Build.0 = Release|x64
		{A837EC51-14A2-A0C8-5DE0-516EC9897E1D}.Release|x86.ActiveCfg = Release|x64
		{154B857C-0182-860D-AA6E-6C109684020F}.Debug|Any CPU.ActiveCfg = Debug|x64
		{154B857C-0182-860D-AA6E-6C109684020F}.Debug|ARM.ActiveCfg = Debug|x64
		{154B857C-0182-860D-AA6E-6C109684020F}.Debug|ARM64.ActiveCfg = Debug|x64
		{154B857C-0182-860D-AA6E-6C109684020F}.Debug|x64.ActiveCfg = Debug|x64
		{154B857C-0182-860D-AA6E-6C109684020F}.Debug|x64.Build.0 = Debug|x64
		{154B857C-0182-860D-AA6E-6C109684020F}.Debug|x86.ActiveCfg = Debug|x64
		{154B857C-0182-860D-AA6E-6C109684020F}.Dist|Any CPU.ActiveCfg = Dist|x64
		{154B857C-0182-860D-AA6E-6C109684020F}.Dist|ARM.ActiveCfg = Dist|x64
		{154B857C-0182-860D-AA6E-6C109684020F}.Dist|ARM64.ActiveCfg = Dist|x64
		{154B857C-0182-860D-AA6E-6C109684020F}.Dist|x64.ActiveCfg = Dist|x64
		{154B857C-0182-860D-AA6E-6C109684020F}.Dist|x64.Build.0 = Dist|x64
		{154B857C-0182-860D-AA6E-6C109684020F}.Dist|x86.ActiveCfg = Dist|x64
		{154B857C-0182-860D-AA6E-6C109684020F}.Release|Any CPU.ActiveCfg = Release|x64
		{154B857C-0182-860D-AA6E-6C109684020F}.Release|ARM.ActiveCfg = Release|x64
		{154B857C-0182-860D-AA6E-6C109684020F}.Release|ARM64.ActiveCfg = Release|x64
		{154B857C-0182-860D-AA6E-6C109684020F}.Release|x64.ActiveCfg = Release|x64
		{154B857C-0182-860D-AA6E-6C109684020F}.Release|x64.Build.0 = Release|x64
		{154B857C-0182-860D-AA6E-6C109684020F}.Release|x86.ActiveCfg = Release|x64
		{BDD6857C-A90D-870D-52FA-6C103E10030F}.Debug|Any CPU.ActiveCfg = Debug|x64
		{BDD6857C-A90D-870D-52FA-6C103E10030F}.Debug|ARM.ActiveCfg = Debug|x64
		{BDD6857C-A90D-870D-52FA-6C103E10030F}.Debug|ARM64.ActiveCfg = Debug|x64
		{BDD6857C-A90D-870D-52FA-6C103E10030F}.Debug|x64.ActiveCfg = Debug|x64
		{BDD6857C-A90D-870D-52FA-6C103E10030F}.Debug|x64.Build.0 = Debug|x64
		{BDD6857C-A90D-870D-52FA-6C103E10030F}.Debug|x86.ActiveCfg = Debug|x64
		{BDD6857C-A90D-870D-52FA-6C103E10030F}.Dist|Any CPU.ActiveCfg = Dist|x64
		{BDD6857C-A90D-870D-52FA-6C103E10030F}.Dist|ARM.ActiveCfg = Dist|x64
		{BDD6857C-A90D-870D-52FA-6C103E10030F}.Dist|ARM64.ActiveCfg = Dist|x64
		{BDD6857C-A90D-870D-52FA-6C103E10030F}.Dist|x64.ActiveCfg = Dist|x64
		{BDD6857C-A90D-870D-52FA-6C103E10030F}.Dist|x64.Build.0 = Dist|x64
		{BDD6857C-A90D-870D-52FA-6C103E10030F}.Dist|x86.ActiveCfg = Dist|x64
		{BDD6857C-A90D-870D-52FA-6C103E10030F}.Release|Any CPU.ActiveCfg = Release|x64
		{BDD6857C-A90D-870D-52FA-6C103E10030F}.Release|ARM.ActiveCfg = Release|x64
		{BDD6857C-A90D-870D-52FA-6C103E10030F}.Release|ARM64.ActiveCfg = Release|x64
		{BDD6857C-A90D-870D-52FA-6C103E10030F}.Release|x64.ActiveCfg = Release|x64
		{BDD6857C-A90D-870D-52FA-6C103E10030F}.Release|x64.Build.0 = Release|x64
		{BDD6857C-A90D-870D-52FA-6C103E10030F}.Release|x86.ActiveCfg = Release|x64
		{C0FF640D-2C14-8DBE-F595-301E616989EF}.Debug|Any CPU.ActiveCfg = Debug|x64
		{C0FF640D-2C14-8DBE-F595-301E616989EF}.Debug|ARM.ActiveCfg = Debug|x64
		{C0FF640D-2C14-8DBE-F595-301E616989EF}.Debug|ARM64.ActiveCfg = Debug|x64
		{C0FF640D-2C14-8DBE-F595-301E616989EF}.Debug|x64.ActiveCfg = Debug|x64
		{C0FF640D-2C14-8DBE-F595-301E616989EF}.Debug|x64.Build.0 = Debug|x64
		{C0FF640D-2C14-8DBE-F595-301E616989EF}.Debug|x86.ActiveCfg = Debug|x64
		{C0FF640D-2C14-8DBE-F595-301E616989EF}.Dist|Any CPU.ActiveCfg = Dist|x64
		{C0FF640D-2C14-8DBE-F595-301E616989EF}.Dist|ARM.ActiveCfg = Dist|x64
		{C0FF640D-2C14-8DBE-F595-301E616989EF}.Dist|ARM64.ActiveCfg = Dist|x64
		{C0FF640D-2C14-8DBE-F595-301E616989EF}.Dist|x64.ActiveCfg = Dist|x64
		{C0FF640D-2C14-8DBE-F595-301E616989EF}.Dist|x64.Build.0 = Dist|x64
		{C0FF640D-2C14-8DBE-F595-301E616989EF}.Dist|x86.ActiveCfg = Dist|x64
		{C0FF640D-2C14-8DBE-F595-301E616989EF}.Release|Any CPU.ActiveCfg = Release|x64
		{C0FF640D-2C14-8DBE-F595-301E616989EF}.Release|ARM.ActiveCfg = Release|x64
		{C0FF640D-2C14-8DBE-F595-301E616989EF}.Release|ARM64.ActiveCfg = Release|x64
		{C0FF640D-2C14-8DBE-F595-301E616989EF}.Release|x64.ActiveCfg = Release|x64
		{C0FF640D-2C14-8DBE-F595-301E616989EF}.Release|x64.Build.0 = Release|x64
		{C0FF640D-2C14-8DBE-F595-301E616989EF}.Release|x86.ActiveCfg = Release|x64
		{CB7795B4-B719-C08A-A0D4-D3DE8C1547DB}.Debug|Any CPU.ActiveCfg = Debug|x64
		{CB7795B4-B719-C08A-A0D4-D3DE8C1547DB}.Debug|ARM.ActiveCfg = Debug|x64
		{CB7795B4-B719-C08A-A0D4-D3DE8C1547DB}.Debug|ARM64.ActiveCfg = Debug|x64
		{CB7795B4-B719-C08A-A0D4-D3DE8C1547DB}.Debug|x64.ActiveCfg = Debug|x64
		{CB7795B4-B719-C08A-A0D4-D3DE8C1547DB}.Debug|x64.Build.0 = Debug|x64
		{CB7795B4-B719-C08A-A0D4-D3DE8C1547DB}.Debug|x86.ActiveCfg = Debug|x64
		{CB7795B4-B719-C08A-A0D4-D3DE8C1547DB}.Dist|Any CPU.ActiveCfg = Dist|x64
		{CB7795B4-B719-C08A-A0D4-D3DE8C1547DB}.Dist|ARM.ActiveCfg = Dist|x64
		{CB7795B4-B719-C08A-A0D4-D3DE8C1547DB}.Dist|ARM64.ActiveCfg = Dist|x64
		{CB7795B4-B719-C08A-A0D4-D3DE8C1547DB}.Dist|x64.ActiveCfg = Dist|x64
		{CB7795B4-B719-C08A-A0D4-D3DE8C1547DB}.Dist|x64.Build.0 = Dist|x64
		{CB7795B4-B719-C08A-A0D4-D3DE8C1547DB}.Dist|x86.ActiveCfg = Dist|x64
		{CB7795B4-B719-C08A-A0D4-D3DE8C1547DB}.Release|Any CPU.ActiveCfg = Release|x64
		{CB7795B4-B719-C08A-A0D4-D3DE8C1547DB}.Release|ARM.ActiveCfg = Release|x64
		{CB7795B4-B719-C08A-A0D4-D3DE8C1547DB}.Release|ARM64.ActiveCfg = Release|x64
		{CB7795B4-B719-C08A-A0D4-D3DE8C1547DB}.Release|x64.ActiveCfg = Release|x64
		{CB7795B4-B719-C08A-A0D4-D3DE8C1547DB}.Release|x64.Build.0 = Release|x64
		{CB7795B4-B719-C08A-A0D4-D3DE8C1547DB}.Release|x86.ActiveCfg = Release|x64
		{F4C124E3-60A1-A37E-69B9-2E55D5170AE0}.Debug|Any CPU.ActiveCfg = Debug|x64
		{F4C124E3-60A1-A37E-69B9-2E55D5170AE0}.Debug|ARM.ActiveCfg = Debug|x64
		{F4C124E3-60A1-A37E-69B9-2E55D5170AE0}.Debug|ARM64.ActiveCfg = Debug|x64
		{F4C124E3-60A1-A37E-69B9-2E55D5170AE0}.Debug|x64.ActiveCfg = Debug|x64
		{F4C124E3-60A1-A37E-69B9-2E55D5170AE0}.Debug|x64.Build.0 = Debug|x64
		{F4C124E3-60A1-A37E-69B9-2E55D5170AE0}.Debug|x86.ActiveCfg = Debug|x64
		{F4C124E3-60A1-A37E-69B9-2E55D5170AE0}.Dist|Any CPU.ActiveCfg = Dist|x64
		{F4C124E3-60A1-A37E-69B9-2E55D5170AE0}.Dist|ARM.ActiveCfg = Dist|x64
		{F4C124E3-60A1-A37E-69B9-2E55D5170AE0}.Dist|ARM64.ActiveCfg = Dist|x64
		{F4C124E3-60A1-A37E-69B9-2E55D5170AE0}.Dist|x64.ActiveCfg = Dist|x64
		{F4C124E3-60A1-A37E-69B9-2E55D5170AE0}.Dist|x64.Build.0 = Dist|x64
		{F4C124E3-60A1-A37E-69B9-2E55D5170AE0}.Dist|x86.ActiveCfg = Dist|x64
		{F4C124E3-60A1-A37E-69B9-2E55D5170AE0}.Release|Any CPU.ActiveCfg = Release|x64
		{F4C124E3-60A1-A37E-69B9-2E55D5170AE0}.Release|ARM.ActiveCfg = Release|x64
		{F4C124E3-60A1-A37E-69B9-2E55D5170AE0}.Release|ARM64.ActiveCfg = Release|x64
		{F4C124E3-60A1-A37E-69B9-2E55D5170AE0}.Release|x64.ActiveCfg = Release|x64
		{F4C124E3-60A1-A37E-69B9-2E55D5170AE0}.Release|x64.Build.0 = Release|x64
		{F4C124E3-60A1-A37E-69B9-2E55D5170AE0}.Release|x86.ActiveCfg = Release|x64
	EndGlobalSection
	GlobalSection(SolutionProperties) = preSolution
		HideSolutionNode = FALSE
	EndGlobalSection
	GlobalSection(NestedProjects) = preSolution
		{154B857C-0182-860D-AA6E-6C109684020F} = {53E47842-3FC8-3998-A828-34EB942B241A}
		{BDD6857C-A90D-870D-52FA-6C103E10030F} = {53E47842-3FC8-3998-A828-34EB942B241A}
		{C0FF640D-2C14-8DBE-F595-301E616989EF} = {53E47842-3FC8-3998-A828-34EB942B241A}
	EndGlobalSection
	GlobalSection(ExtensibilityGlobals) = postSolution
		SolutionGuid = {23BB75F1-BF4E-4F65-8A3C-EB7A1BC0BA44}
	EndGlobalSection
EndGlobal
